
Microsoft Visual Studio Solution File, Format Version 12.00
# Visual Studio Version 17
VisualStudioVersion = 17.0.31717.71
MinimumVisualStudioVersion = 10.0.40219.1
Project("{9A19103F-16F7-4668-BE54-9A1E7A4F7556}") = "Application", "Api.Application\Application.csproj", "{8958D7F0-F8A9-4265-9B80-BE81009CD276}"
EndProject
Project("{9A19103F-16F7-4668-BE54-9A1E7A4F7556}") = "Domain", "Api.Domain\Domain.csproj", "{2AE880FF-82CD-4D2F-A1ED-74564C5029E1}"
EndProject
Project("{9A19103F-16F7-4668-BE54-9A1E7A4F7556}") = "CrossCutting", "Api.CrossCutting\CrossCutting.csproj", "{1DE0638D-CBED-4B3B-A00E-CC693976D135}"
EndProject
Project("{9A19103F-16F7-4668-BE54-9A1E7A4F7556}") = "Data", "Api.Data\Data.csproj", "{F7B75C22-E66F-439C-982F-8AAAAA99EAE7}"
EndProject
Project("{9A19103F-16F7-4668-BE54-9A1E7A4F7556}") = "Service", "Api.Service\Service.csproj", "{07D3A5C7-DD64-4A0C-A5F7-175E9BE072D3}"
EndProject
Project("{2150E333-8FDC-42A3-9474-1A3956D46DE8}") = "Tests", "Tests", "{58A63D03-D2CE-424A-86A1-0BC99684DBB9}"
EndProject
Project("{9A19103F-16F7-4668-BE54-9A1E7A4F7556}") = "Api.Data.Test", "Api.Data.Test\Api.Data.Test.csproj", "{5F397783-93A9-49AD-A831-AD9E4D2508AF}"
EndProject
Project("{9A19103F-16F7-4668-BE54-9A1E7A4F7556}") = "Api.Service.Test", "Api.Service.Test\Api.Service.Test.csproj", "{92484E30-207A-4C7F-AB3F-9168A9A357A5}"
EndProject
Project("{9A19103F-16F7-4668-BE54-9A1E7A4F7556}") = "Api.Application.Test", "Api.Application.Test\Api.Application.Test.csproj", "{32EE34EF-4354-4C38-822D-F1C9F787FB87}"
EndProject
Project("{FAE04EC0-301F-11D3-BF4B-00C04F79EFBC}") = "Api.Integration.Test", "Api.Integration.Test\Api.Integration.Test.csproj", "{1596F8F9-AE86-4C59-9B3F-FC1D7818FA56}"
EndProject
Global
	GlobalSection(SolutionConfigurationPlatforms) = preSolution
		Debug|Any CPU = Debug|Any CPU
		Debug|x64 = Debug|x64
		Debug|x86 = Debug|x86
		Release|Any CPU = Release|Any CPU
		Release|x64 = Release|x64
		Release|x86 = Release|x86
	EndGlobalSection
	GlobalSection(ProjectConfigurationPlatforms) = postSolution
		{8958D7F0-F8A9-4265-9B80-BE81009CD276}.Debug|Any CPU.ActiveCfg = Debug|Any CPU
		{8958D7F0-F8A9-4265-9B80-BE81009CD276}.Debug|Any CPU.Build.0 = Debug|Any CPU
		{8958D7F0-F8A9-4265-9B80-BE81009CD276}.Debug|x64.ActiveCfg = Debug|Any CPU
		{8958D7F0-F8A9-4265-9B80-BE81009CD276}.Debug|x64.Build.0 = Debug|Any CPU
		{8958D7F0-F8A9-4265-9B80-BE81009CD276}.Debug|x86.ActiveCfg = Debug|Any CPU
		{8958D7F0-F8A9-4265-9B80-BE81009CD276}.Debug|x86.Build.0 = Debug|Any CPU
		{8958D7F0-F8A9-4265-9B80-BE81009CD276}.Release|Any CPU.ActiveCfg = Release|Any CPU
		{8958D7F0-F8A9-4265-9B80-BE81009CD276}.Release|Any CPU.Build.0 = Release|Any CPU
		{8958D7F0-F8A9-4265-9B80-BE81009CD276}.Release|x64.ActiveCfg = Release|Any CPU
		{8958D7F0-F8A9-4265-9B80-BE81009CD276}.Release|x64.Build.0 = Release|Any CPU
		{8958D7F0-F8A9-4265-9B80-BE81009CD276}.Release|x86.ActiveCfg = Release|Any CPU
		{8958D7F0-F8A9-4265-9B80-BE81009CD276}.Release|x86.Build.0 = Release|Any CPU
		{2AE880FF-82CD-4D2F-A1ED-74564C5029E1}.Debug|Any CPU.ActiveCfg = Debug|Any CPU
		{2AE880FF-82CD-4D2F-A1ED-74564C5029E1}.Debug|Any CPU.Build.0 = Debug|Any CPU
		{2AE880FF-82CD-4D2F-A1ED-74564C5029E1}.Debug|x64.ActiveCfg = Debug|Any CPU
		{2AE880FF-82CD-4D2F-A1ED-74564C5029E1}.Debug|x64.Build.0 = Debug|Any CPU
		{2AE880FF-82CD-4D2F-A1ED-74564C5029E1}.Debug|x86.ActiveCfg = Debug|Any CPU
		{2AE880FF-82CD-4D2F-A1ED-74564C5029E1}.Debug|x86.Build.0 = Debug|Any CPU
		{2AE880FF-82CD-4D2F-A1ED-74564C5029E1}.Release|Any CPU.ActiveCfg = Release|Any CPU
		{2AE880FF-82CD-4D2F-A1ED-74564C5029E1}.Release|Any CPU.Build.0 = Release|Any CPU
		{2AE880FF-82CD-4D2F-A1ED-74564C5029E1}.Release|x64.ActiveCfg = Release|Any CPU
		{2AE880FF-82CD-4D2F-A1ED-74564C5029E1}.Release|x64.Build.0 = Release|Any CPU
		{2AE880FF-82CD-4D2F-A1ED-74564C5029E1}.Release|x86.ActiveCfg = Release|Any CPU
		{2AE880FF-82CD-4D2F-A1ED-74564C5029E1}.Release|x86.Build.0 = Release|Any CPU
		{1DE0638D-CBED-4B3B-A00E-CC693976D135}.Debug|Any CPU.ActiveCfg = Debug|Any CPU
		{1DE0638D-CBED-4B3B-A00E-CC693976D135}.Debug|Any CPU.Build.0 = Debug|Any CPU
		{1DE0638D-CBED-4B3B-A00E-CC693976D135}.Debug|x64.ActiveCfg = Debug|Any CPU
		{1DE0638D-CBED-4B3B-A00E-CC693976D135}.Debug|x64.Build.0 = Debug|Any CPU
		{1DE0638D-CBED-4B3B-A00E-CC693976D135}.Debug|x86.ActiveCfg = Debug|Any CPU
		{1DE0638D-CBED-4B3B-A00E-CC693976D135}.Debug|x86.Build.0 = Debug|Any CPU
		{1DE0638D-CBED-4B3B-A00E-CC693976D135}.Release|Any CPU.ActiveCfg = Release|Any CPU
		{1DE0638D-CBED-4B3B-A00E-CC693976D135}.Release|Any CPU.Build.0 = Release|Any CPU
		{1DE0638D-CBED-4B3B-A00E-CC693976D135}.Release|x64.ActiveCfg = Release|Any CPU
		{1DE0638D-CBED-4B3B-A00E-CC693976D135}.Release|x64.Build.0 = Release|Any CPU
		{1DE0638D-CBED-4B3B-A00E-CC693976D135}.Release|x86.ActiveCfg = Release|Any CPU
		{1DE0638D-CBED-4B3B-A00E-CC693976D135}.Release|x86.Build.0 = Release|Any CPU
		{F7B75C22-E66F-439C-982F-8AAAAA99EAE7}.Debug|Any CPU.ActiveCfg = Debug|Any CPU
		{F7B75C22-E66F-439C-982F-8AAAAA99EAE7}.Debug|Any CPU.Build.0 = Debug|Any CPU
		{F7B75C22-E66F-439C-982F-8AAAAA99EAE7}.Debug|x64.ActiveCfg = Debug|Any CPU
		{F7B75C22-E66F-439C-982F-8AAAAA99EAE7}.Debug|x64.Build.0 = Debug|Any CPU
		{F7B75C22-E66F-439C-982F-8AAAAA99EAE7}.Debug|x86.ActiveCfg = Debug|Any CPU
		{F7B75C22-E66F-439C-982F-8AAAAA99EAE7}.Debug|x86.Build.0 = Debug|Any CPU
		{F7B75C22-E66F-439C-982F-8AAAAA99EAE7}.Release|Any CPU.ActiveCfg = Release|Any CPU
		{F7B75C22-E66F-439C-982F-8AAAAA99EAE7}.Release|Any CPU.Build.0 = Release|Any CPU
		{F7B75C22-E66F-439C-982F-8AAAAA99EAE7}.Release|x64.ActiveCfg = Release|Any CPU
		{F7B75C22-E66F-439C-982F-8AAAAA99EAE7}.Release|x64.Build.0 = Release|Any CPU
		{F7B75C22-E66F-439C-982F-8AAAAA99EAE7}.Release|x86.ActiveCfg = Release|Any CPU
		{F7B75C22-E66F-439C-982F-8AAAAA99EAE7}.Release|x86.Build.0 = Release|Any CPU
		{07D3A5C7-DD64-4A0C-A5F7-175E9BE072D3}.Debug|Any CPU.ActiveCfg = Debug|Any CPU
		{07D3A5C7-DD64-4A0C-A5F7-175E9BE072D3}.Debug|Any CPU.Build.0 = Debug|Any CPU
		{07D3A5C7-DD64-4A0C-A5F7-175E9BE072D3}.Debug|x64.ActiveCfg = Debug|Any CPU
		{07D3A5C7-DD64-4A0C-A5F7-175E9BE072D3}.Debug|x64.Build.0 = Debug|Any CPU
		{07D3A5C7-DD64-4A0C-A5F7-175E9BE072D3}.Debug|x86.ActiveCfg = Debug|Any CPU
		{07D3A5C7-DD64-4A0C-A5F7-175E9BE072D3}.Debug|x86.Build.0 = Debug|Any CPU
		{07D3A5C7-DD64-4A0C-A5F7-175E9BE072D3}.Release|Any CPU.ActiveCfg = Release|Any CPU
		{07D3A5C7-DD64-4A0C-A5F7-175E9BE072D3}.Release|Any CPU.Build.0 = Release|Any CPU
		{07D3A5C7-DD64-4A0C-A5F7-175E9BE072D3}.Release|x64.ActiveCfg = Release|Any CPU
		{07D3A5C7-DD64-4A0C-A5F7-175E9BE072D3}.Release|x64.Build.0 = Release|Any CPU
		{07D3A5C7-DD64-4A0C-A5F7-175E9BE072D3}.Release|x86.ActiveCfg = Release|Any CPU
		{07D3A5C7-DD64-4A0C-A5F7-175E9BE072D3}.Release|x86.Build.0 = Release|Any CPU
		{5F397783-93A9-49AD-A831-AD9E4D2508AF}.Debug|Any CPU.ActiveCfg = Debug|Any CPU
		{5F397783-93A9-49AD-A831-AD9E4D2508AF}.Debug|Any CPU.Build.0 = Debug|Any CPU
		{5F397783-93A9-49AD-A831-AD9E4D2508AF}.Debug|x64.ActiveCfg = Debug|Any CPU
		{5F397783-93A9-49AD-A831-AD9E4D2508AF}.Debug|x64.Build.0 = Debug|Any CPU
		{5F397783-93A9-49AD-A831-AD9E4D2508AF}.Debug|x86.ActiveCfg = Debug|Any CPU
		{5F397783-93A9-49AD-A831-AD9E4D2508AF}.Debug|x86.Build.0 = Debug|Any CPU
		{5F397783-93A9-49AD-A831-AD9E4D2508AF}.Release|Any CPU.ActiveCfg = Release|Any CPU
		{5F397783-93A9-49AD-A831-AD9E4D2508AF}.Release|Any CPU.Build.0 = Release|Any CPU
		{5F397783-93A9-49AD-A831-AD9E4D2508AF}.Release|x64.ActiveCfg = Release|Any CPU
		{5F397783-93A9-49AD-A831-AD9E4D2508AF}.Release|x64.Build.0 = Release|Any CPU
		{5F397783-93A9-49AD-A831-AD9E4D2508AF}.Release|x86.ActiveCfg = Release|Any CPU
		{5F397783-93A9-49AD-A831-AD9E4D2508AF}.Release|x86.Build.0 = Release|Any CPU
		{92484E30-207A-4C7F-AB3F-9168A9A357A5}.Debug|Any CPU.ActiveCfg = Debug|Any CPU
		{92484E30-207A-4C7F-AB3F-9168A9A357A5}.Debug|Any CPU.Build.0 = Debug|Any CPU
		{92484E30-207A-4C7F-AB3F-9168A9A357A5}.Debug|x64.ActiveCfg = Debug|Any CPU
		{92484E30-207A-4C7F-AB3F-9168A9A357A5}.Debug|x64.Build.0 = Debug|Any CPU
		{92484E30-207A-4C7F-AB3F-9168A9A357A5}.Debug|x86.ActiveCfg = Debug|Any CPU
		{92484E30-207A-4C7F-AB3F-9168A9A357A5}.Debug|x86.Build.0 = Debug|Any CPU
		{92484E30-207A-4C7F-AB3F-9168A9A357A5}.Release|Any CPU.ActiveCfg = Release|Any CPU
		{92484E30-207A-4C7F-AB3F-9168A9A357A5}.Release|Any CPU.Build.0 = Release|Any CPU
		{92484E30-207A-4C7F-AB3F-9168A9A357A5}.Release|x64.ActiveCfg = Release|Any CPU
		{92484E30-207A-4C7F-AB3F-9168A9A357A5}.Release|x64.Build.0 = Release|Any CPU
		{92484E30-207A-4C7F-AB3F-9168A9A357A5}.Release|x86.ActiveCfg = Release|Any CPU
		{92484E30-207A-4C7F-AB3F-9168A9A357A5}.Release|x86.Build.0 = Release|Any CPU
		{32EE34EF-4354-4C38-822D-F1C9F787FB87}.Debug|Any CPU.ActiveCfg = Debug|Any CPU
		{32EE34EF-4354-4C38-822D-F1C9F787FB87}.Debug|Any CPU.Build.0 = Debug|Any CPU
		{32EE34EF-4354-4C38-822D-F1C9F787FB87}.Debug|x64.ActiveCfg = Debug|Any CPU
		{32EE34EF-4354-4C38-822D-F1C9F787FB87}.Debug|x64.Build.0 = Debug|Any CPU
		{32EE34EF-4354-4C38-822D-F1C9F787FB87}.Debug|x86.ActiveCfg = Debug|Any CPU
		{32EE34EF-4354-4C38-822D-F1C9F787FB87}.Debug|x86.Build.0 = Debug|Any CPU
		{32EE34EF-4354-4C38-822D-F1C9F787FB87}.Release|Any CPU.ActiveCfg = Release|Any CPU
		{32EE34EF-4354-4C38-822D-F1C9F787FB87}.Release|Any CPU.Build.0 = Release|Any CPU
		{32EE34EF-4354-4C38-822D-F1C9F787FB87}.Release|x64.ActiveCfg = Release|Any CPU
		{32EE34EF-4354-4C38-822D-F1C9F787FB87}.Release|x64.Build.0 = Release|Any CPU
		{32EE34EF-4354-4C38-822D-F1C9F787FB87}.Release|x86.ActiveCfg = Release|Any CPU
		{32EE34EF-4354-4C38-822D-F1C9F787FB87}.Release|x86.Build.0 = Release|Any CPU
		{1596F8F9-AE86-4C59-9B3F-FC1D7818FA56}.Debug|Any CPU.ActiveCfg = Debug|Any CPU
		{1596F8F9-AE86-4C59-9B3F-FC1D7818FA56}.Debug|Any CPU.Build.0 = Debug|Any CPU
		{1596F8F9-AE86-4C59-9B3F-FC1D7818FA56}.Debug|x64.ActiveCfg = Debug|Any CPU
		{1596F8F9-AE86-4C59-9B3F-FC1D7818FA56}.Debug|x64.Build.0 = Debug|Any CPU
		{1596F8F9-AE86-4C59-9B3F-FC1D7818FA56}.Debug|x86.ActiveCfg = Debug|Any CPU
		{1596F8F9-AE86-4C59-9B3F-FC1D7818FA56}.Debug|x86.Build.0 = Debug|Any CPU
		{1596F8F9-AE86-4C59-9B3F-FC1D7818FA56}.Release|Any CPU.ActiveCfg = Release|Any CPU
		{1596F8F9-AE86-4C59-9B3F-FC1D7818FA56}.Release|Any CPU.Build.0 = Release|Any CPU
		{1596F8F9-AE86-4C59-9B3F-FC1D7818FA56}.Release|x64.ActiveCfg = Release|Any CPU
		{1596F8F9-AE86-4C59-9B3F-FC1D7818FA56}.Release|x64.Build.0 = Release|Any CPU
		{1596F8F9-AE86-4C59-9B3F-FC1D7818FA56}.Release|x86.ActiveCfg = Release|Any CPU
		{1596F8F9-AE86-4C59-9B3F-FC1D7818FA56}.Release|x86.Build.0 = Release|Any CPU
	EndGlobalSection
	GlobalSection(SolutionProperties) = preSolution
		HideSolutionNode = FALSE
	EndGlobalSection
	GlobalSection(NestedProjects) = preSolution
		{5F397783-93A9-49AD-A831-AD9E4D2508AF} = {58A63D03-D2CE-424A-86A1-0BC99684DBB9}
		{92484E30-207A-4C7F-AB3F-9168A9A357A5} = {58A63D03-D2CE-424A-86A1-0BC99684DBB9}
		{32EE34EF-4354-4C38-822D-F1C9F787FB87} = {58A63D03-D2CE-424A-86A1-0BC99684DBB9}
		{1596F8F9-AE86-4C59-9B3F-FC1D7818FA56} = {58A63D03-D2CE-424A-86A1-0BC99684DBB9}
	EndGlobalSection
	GlobalSection(ExtensibilityGlobals) = postSolution
		SolutionGuid = {FBF5BFE8-7F0B-4B36-AFA7-F85EC8DC48D0}
	EndGlobalSection
EndGlobal
